
Microsoft Visual Studio Solution File, Format Version 12.00
# Visual Studio Version 16
VisualStudioVersion = 16.0.31702.278
MinimumVisualStudioVersion = 10.0.40219.1
Project("{FAE04EC0-301F-11D3-BF4B-00C04F79EFBC}") = "task_3", "task_3\task_3.csproj", "{8390AB9D-9980-4C8D-9C54-E55C06D89BF1}"
EndProject
Project("{FAE04EC0-301F-11D3-BF4B-00C04F79EFBC}") = "task_3_1", "task_3_1\task_3_1.csproj", "{4C56E98A-8B34-4D88-AB42-CB1BCB913521}"
EndProject
Project("{FAE04EC0-301F-11D3-BF4B-00C04F79EFBC}") = "task_3_2", "task_3_2\task_3_2.csproj", "{7C436B31-9CB3-4095-87BD-4884DB42DAB4}"
EndProject
Project("{FAE04EC0-301F-11D3-BF4B-00C04F79EFBC}") = "task_3_3", "task_3_3\task_3_3.csproj", "{5172DB5A-DED9-449D-941D-9E1AE1B2BDA4}"
EndProject
Project("{FAE04EC0-301F-11D3-BF4B-00C04F79EFBC}") = "task_3_4-5", "task_3_4-5\task_3_4-5.csproj", "{C06774AC-B1B6-4711-9D31-CABB364FF5BC}"
EndProject
Project("{FAE04EC0-301F-11D3-BF4B-00C04F79EFBC}") = "task_3_6", "task_3_6\task_3_6.csproj", "{2531FEF0-CA4E-4EEE-AA4B-B1E54456C04D}"
EndProject
Global
	GlobalSection(SolutionConfigurationPlatforms) = preSolution
		Debug|Any CPU = Debug|Any CPU
		Release|Any CPU = Release|Any CPU
	EndGlobalSection
	GlobalSection(ProjectConfigurationPlatforms) = postSolution
		{8390AB9D-9980-4C8D-9C54-E55C06D89BF1}.Debug|Any CPU.ActiveCfg = Debug|Any CPU
		{8390AB9D-9980-4C8D-9C54-E55C06D89BF1}.Debug|Any CPU.Build.0 = Debug|Any CPU
		{8390AB9D-9980-4C8D-9C54-E55C06D89BF1}.Release|Any CPU.ActiveCfg = Release|Any CPU
		{8390AB9D-9980-4C8D-9C54-E55C06D89BF1}.Release|Any CPU.Build.0 = Release|Any CPU
		{4C56E98A-8B34-4D88-AB42-CB1BCB913521}.Debug|Any CPU.ActiveCfg = Debug|Any CPU
		{4C56E98A-8B34-4D88-AB42-CB1BCB913521}.Debug|Any CPU.Build.0 = Debug|Any CPU
		{4C56E98A-8B34-4D88-AB42-CB1BCB913521}.Release|Any CPU.ActiveCfg = Release|Any CPU
		{4C56E98A-8B34-4D88-AB42-CB1BCB913521}.Release|Any CPU.Build.0 = Release|Any CPU
		{7C436B31-9CB3-4095-87BD-4884DB42DAB4}.Debug|Any CPU.ActiveCfg = Debug|Any CPU
		{7C436B31-9CB3-4095-87BD-4884DB42DAB4}.Debug|Any CPU.Build.0 = Debug|Any CPU
		{7C436B31-9CB3-4095-87BD-4884DB42DAB4}.Release|Any CPU.ActiveCfg = Release|Any CPU
		{7C436B31-9CB3-4095-87BD-4884DB42DAB4}.Release|Any CPU.Build.0 = Release|Any CPU
		{5172DB5A-DED9-449D-941D-9E1AE1B2BDA4}.Debug|Any CPU.ActiveCfg = Debug|Any CPU
		{5172DB5A-DED9-449D-941D-9E1AE1B2BDA4}.Debug|Any CPU.Build.0 = Debug|Any CPU
		{5172DB5A-DED9-449D-941D-9E1AE1B2BDA4}.Release|Any CPU.ActiveCfg = Release|Any CPU
		{5172DB5A-DED9-449D-941D-9E1AE1B2BDA4}.Release|Any CPU.Build.0 = Release|Any CPU
		{C06774AC-B1B6-4711-9D31-CABB364FF5BC}.Debug|Any CPU.ActiveCfg = Debug|Any CPU
		{C06774AC-B1B6-4711-9D31-CABB364FF5BC}.Debug|Any CPU.Build.0 = Debug|Any CPU
		{C06774AC-B1B6-4711-9D31-CABB364FF5BC}.Release|Any CPU.ActiveCfg = Release|Any CPU
		{C06774AC-B1B6-4711-9D31-CABB364FF5BC}.Release|Any CPU.Build.0 = Release|Any CPU
		{2531FEF0-CA4E-4EEE-AA4B-B1E54456C04D}.Debug|Any CPU.ActiveCfg = Debug|Any CPU
		{2531FEF0-CA4E-4EEE-AA4B-B1E54456C04D}.Debug|Any CPU.Build.0 = Debug|Any CPU
		{2531FEF0-CA4E-4EEE-AA4B-B1E54456C04D}.Release|Any CPU.ActiveCfg = Release|Any CPU
		{2531FEF0-CA4E-4EEE-AA4B-B1E54456C04D}.Release|Any CPU.Build.0 = Release|Any CPU
	EndGlobalSection
	GlobalSection(SolutionProperties) = preSolution
		HideSolutionNode = FALSE
	EndGlobalSection
	GlobalSection(ExtensibilityGlobals) = postSolution
		SolutionGuid = {2FAADC81-C314-4565-8112-4C76EB9DC8E7}
	EndGlobalSection
EndGlobal
