
Microsoft Visual Studio Solution File, Format Version 12.00
# Visual Studio Version 16
VisualStudioVersion = 16.0.810.8
MinimumVisualStudioVersion = 10.0.40219.1
Project("{9A19103F-16F7-4668-BE54-9A1E7A4F7556}") = "task_1.1", "task_1\task_1.1.csproj", "{478729B2-1F2C-41D7-B64E-47F408BD4B25}"
EndProject
Project("{FAE04EC0-301F-11D3-BF4B-00C04F79EFBC}") = "task_1.2", "task_1.2\task_1.2.csproj", "{ED0C9EA6-285C-459F-BE24-7B79A78489F1}"
EndProject
Project("{FAE04EC0-301F-11D3-BF4B-00C04F79EFBC}") = "task_1.3", "task_1.3\task_1.3.csproj", "{DB3F0844-F180-40E0-9ABB-CB87F4D4AF8E}"
EndProject
Global
	GlobalSection(SolutionConfigurationPlatforms) = preSolution
		Debug|Any CPU = Debug|Any CPU
		Release|Any CPU = Release|Any CPU
	EndGlobalSection
	GlobalSection(ProjectConfigurationPlatforms) = postSolution
		{478729B2-1F2C-41D7-B64E-47F408BD4B25}.Debug|Any CPU.ActiveCfg = Debug|Any CPU
		{478729B2-1F2C-41D7-B64E-47F408BD4B25}.Debug|Any CPU.Build.0 = Debug|Any CPU
		{478729B2-1F2C-41D7-B64E-47F408BD4B25}.Release|Any CPU.ActiveCfg = Release|Any CPU
		{478729B2-1F2C-41D7-B64E-47F408BD4B25}.Release|Any CPU.Build.0 = Release|Any CPU
		{ED0C9EA6-285C-459F-BE24-7B79A78489F1}.Debug|Any CPU.ActiveCfg = Debug|Any CPU
		{ED0C9EA6-285C-459F-BE24-7B79A78489F1}.Debug|Any CPU.Build.0 = Debug|Any CPU
		{ED0C9EA6-285C-459F-BE24-7B79A78489F1}.Release|Any CPU.ActiveCfg = Release|Any CPU
		{ED0C9EA6-285C-459F-BE24-7B79A78489F1}.Release|Any CPU.Build.0 = Release|Any CPU
		{DB3F0844-F180-40E0-9ABB-CB87F4D4AF8E}.Debug|Any CPU.ActiveCfg = Debug|Any CPU
		{DB3F0844-F180-40E0-9ABB-CB87F4D4AF8E}.Debug|Any CPU.Build.0 = Debug|Any CPU
		{DB3F0844-F180-40E0-9ABB-CB87F4D4AF8E}.Release|Any CPU.ActiveCfg = Release|Any CPU
		{DB3F0844-F180-40E0-9ABB-CB87F4D4AF8E}.Release|Any CPU.Build.0 = Release|Any CPU
	EndGlobalSection
	GlobalSection(SolutionProperties) = preSolution
		HideSolutionNode = FALSE
	EndGlobalSection
	GlobalSection(ExtensibilityGlobals) = postSolution
		SolutionGuid = {6F7C45E5-156E-44BB-8DFE-316D08D80E90}
	EndGlobalSection
EndGlobal
